
Microsoft Visual Studio Solution File, Format Version 12.00
# Visual Studio 15
VisualStudioVersion = 15.0.27130.2027
MinimumVisualStudioVersion = 10.0.40219.1
Project("{D2ABAB84-BF74-430A-B69E-9DC6D40DDA17}") = "MDX Step-by-Step", "MDX Step-by-Step\MDX Step-by-Step.dwproj", "{FC96C554-3EE5-4039-9E58-048D62506AAE}"
EndProject
Global
	GlobalSection(SolutionConfigurationPlatforms) = preSolution
		Development|Default = Development|Default
	EndGlobalSection
	GlobalSection(ProjectConfigurationPlatforms) = postSolution
		{FC96C554-3EE5-4039-9E58-048D62506AAE}.Development|Default.ActiveCfg = Development
		{FC96C554-3EE5-4039-9E58-048D62506AAE}.Development|Default.Build.0 = Development
		{FC96C554-3EE5-4039-9E58-048D62506AAE}.Development|Default.Deploy.0 = Development
	EndGlobalSection
	GlobalSection(SolutionProperties) = preSolution
		HideSolutionNode = FALSE
	EndGlobalSection
	GlobalSection(ExtensibilityGlobals) = postSolution
		SolutionGuid = {5A1A23A6-6C5F-4FAC-8A44-EB3B68109432}
	EndGlobalSection
EndGlobal
